
Microsoft Visual Studio Solution File, Format Version 12.00
# Visual Studio 15
VisualStudioVersion = 15.0.28010.2048
MinimumVisualStudioVersion = 10.0.40219.1
Project("{8BC9CEB8-8B4A-11D0-8D11-00A0C91BC942}") = "SensorRawDataReader", "SensorRawDataReader\SensorRawDataReader.vcxproj", "{AD35B6A2-1FCA-4287-87E2-40CE57D2CA3E}"
EndProject
Global
	GlobalSection(SolutionConfigurationPlatforms) = preSolution
		Debug|x64 = Debug|x64
		Debug|x86 = Debug|x86
		Release|x64 = Release|x64
		Release|x86 = Release|x86
	EndGlobalSection
	GlobalSection(ProjectConfigurationPlatforms) = postSolution
		{AD35B6A2-1FCA-4287-87E2-40CE57D2CA3E}.Debug|x64.ActiveCfg = Debug|x64
		{AD35B6A2-1FCA-4287-87E2-40CE57D2CA3E}.Debug|x64.Build.0 = Debug|x64
		{AD35B6A2-1FCA-4287-87E2-40CE57D2CA3E}.Debug|x86.ActiveCfg = Debug|Win32
		{AD35B6A2-1FCA-4287-87E2-40CE57D2CA3E}.Debug|x86.Build.0 = Debug|Win32
		{AD35B6A2-1FCA-4287-87E2-40CE57D2CA3E}.Release|x64.ActiveCfg = Release|x64
		{AD35B6A2-1FCA-4287-87E2-40CE57D2CA3E}.Release|x64.Build.0 = Release|x64
		{AD35B6A2-1FCA-4287-87E2-40CE57D2CA3E}.Release|x86.ActiveCfg = Release|Win32
		{AD35B6A2-1FCA-4287-87E2-40CE57D2CA3E}.Release|x86.Build.0 = Release|Win32
	EndGlobalSection
	GlobalSection(SolutionProperties) = preSolution
		HideSolutionNode = FALSE
	EndGlobalSection
	GlobalSection(ExtensibilityGlobals) = postSolution
		SolutionGuid = {8F27F6BA-8E94-4B5A-8BFB-7D0648C78825}
	EndGlobalSection
EndGlobal
